
Microsoft Visual Studio Solution File, Format Version 12.00
# Visual Studio Version 16
VisualStudioVersion = 16.0.30114.105
MinimumVisualStudioVersion = 10.0.40219.1
Project("{FAE04EC0-301F-11D3-BF4B-00C04F79EFBC}") = "API", "API\API.csproj", "{7AD26EDC-6157-40BA-9C70-7C6D70B13411}"
EndProject
Project("{FAE04EC0-301F-11D3-BF4B-00C04F79EFBC}") = "Core", "Core\Core.csproj", "{0645D01A-8DB5-416A-8CED-CED6C6B9036A}"
EndProject
Project("{FAE04EC0-301F-11D3-BF4B-00C04F79EFBC}") = "Infrastructure", "Infrastructure\Infrastructure.csproj", "{B320F8CF-FB43-44BA-9493-FB93C8428F76}"
EndProject
Global
	GlobalSection(SolutionConfigurationPlatforms) = preSolution
		Debug|Any CPU = Debug|Any CPU
		Release|Any CPU = Release|Any CPU
	EndGlobalSection
	GlobalSection(SolutionProperties) = preSolution
		HideSolutionNode = FALSE
	EndGlobalSection
	GlobalSection(ProjectConfigurationPlatforms) = postSolution
		{7AD26EDC-6157-40BA-9C70-7C6D70B13411}.Debug|Any CPU.ActiveCfg = Debug|Any CPU
		{7AD26EDC-6157-40BA-9C70-7C6D70B13411}.Debug|Any CPU.Build.0 = Debug|Any CPU
		{7AD26EDC-6157-40BA-9C70-7C6D70B13411}.Release|Any CPU.ActiveCfg = Release|Any CPU
		{7AD26EDC-6157-40BA-9C70-7C6D70B13411}.Release|Any CPU.Build.0 = Release|Any CPU
		{0645D01A-8DB5-416A-8CED-CED6C6B9036A}.Debug|Any CPU.ActiveCfg = Debug|Any CPU
		{0645D01A-8DB5-416A-8CED-CED6C6B9036A}.Debug|Any CPU.Build.0 = Debug|Any CPU
		{0645D01A-8DB5-416A-8CED-CED6C6B9036A}.Release|Any CPU.ActiveCfg = Release|Any CPU
		{0645D01A-8DB5-416A-8CED-CED6C6B9036A}.Release|Any CPU.Build.0 = Release|Any CPU
		{B320F8CF-FB43-44BA-9493-FB93C8428F76}.Debug|Any CPU.ActiveCfg = Debug|Any CPU
		{B320F8CF-FB43-44BA-9493-FB93C8428F76}.Debug|Any CPU.Build.0 = Debug|Any CPU
		{B320F8CF-FB43-44BA-9493-FB93C8428F76}.Release|Any CPU.ActiveCfg = Release|Any CPU
		{B320F8CF-FB43-44BA-9493-FB93C8428F76}.Release|Any CPU.Build.0 = Release|Any CPU
	EndGlobalSection
EndGlobal
